<?xml version="1.0" encoding="utf-8"?>
<Project ToolsVersion="4.0" xmlns="http://schemas.microsoft.com/developer/msbuild/2003">
  <ItemGroup>
    <Filter Include="Source Files">
      <UniqueIdentifier>{4FC737F1-C7A5-4376-A066-2A32D752A2FF}</UniqueIdentifier>
      <Extensions>cpp;c;cc;cxx;c++;def;odl;idl;hpj;bat;asm;asmx</Extensions>
    </Filter>
    <Filter Include="Header Files">
      <UniqueIdentifier>{93995380-89BD-4b04-88EB-625FBE52EBFB}</UniqueIdentifier>
      <Extensions>h;hh;hpp;hxx;h++;hm;inl;inc;ipp;xsd</Extensions>
    </Filter>
    <Filter Include="Resource Files">
      <UniqueIdentifier>{67DA6AB6-F800-4c08-8B7A-83BB121AAD01}</UniqueIdentifier>
      <Extensions>rc;ico;cur;bmp;dlg;rc2;rct;bin;rgs;gif;jpg;jpeg;jpe;resx;tiff;tif;png;wav;mfcribbon-ms</Extensions>
    </Filter>
    <Filter Include="Header Files\Atomic Concepts">
      <UniqueIdentifier>{5ca0dd48-f693-4711-8382-d372ac80eb03}</UniqueIdentifier>
    </Filter>
    <Filter Include="Source Files\Atomic Concepts">
      <UniqueIdentifier>{37d45fea-0c14-4fa8-ab3e-c92814f45d1c}</UniqueIdentifier>
    </Filter>
    <Filter Include="Header Files\Composite Concepts">
      <UniqueIdentifier>{a2e430ba-9e3f-4a5d-98ff-95e51447bf89}</UniqueIdentifier>
    </Filter>
    <Filter Include="Source Files\Composite Concepts">
      <UniqueIdentifier>{3e3d399f-7634-4d4c-9b39-32e023ab8088}</UniqueIdentifier>
    </Filter>
  </ItemGroup>
  <ItemGroup>
    <ClInclude Include="Token.h">
      <Filter>Header Files</Filter>
    </ClInclude>
    <ClInclude Include="Lexer.h">
      <Filter>Header Files</Filter>
    </ClInclude>
    <ClInclude Include="RecursiveDescentPredictiveParser.h">
      <Filter>Header Files</Filter>
    </ClInclude>
    <ClInclude Include="AST.h">
      <Filter>Header Files</Filter>
    </ClInclude>
    <ClInclude Include="ASTFactory.h">
      <Filter>Header Files</Filter>
    </ClInclude>
    <ClInclude Include="IdAST.h">
      <Filter>Header Files\Atomic Concepts</Filter>
    </ClInclude>
    <ClInclude Include="IntegerAST.h">
      <Filter>Header Files\Atomic Concepts</Filter>
    </ClInclude>
    <ClInclude Include="EnumDeclarations.h">
      <Filter>Header Files</Filter>
    </ClInclude>
    <ClInclude Include="CompositeConceptAST.h">
      <Filter>Header Files\Composite Concepts</Filter>
    </ClInclude>
    <ClInclude Include="VisibilityAST.h">
      <Filter>Header Files\Atomic Concepts</Filter>
    </ClInclude>
    <ClInclude Include="FloatAST.h">
      <Filter>Header Files\Atomic Concepts</Filter>
    </ClInclude>
    <ClInclude Include="StringAST.h">
      <Filter>Header Files\Atomic Concepts</Filter>
    </ClInclude>
    <ClInclude Include="WhileAST.h">
      <Filter>Header Files\Atomic Concepts</Filter>
    </ClInclude>
    <ClInclude Include="IfClass.h">
      <Filter>Header Files\Composite Concepts</Filter>
    </ClInclude>
    <ClInclude Include="GeneralTokenAST.h">
      <Filter>Header Files\Atomic Concepts</Filter>
    </ClInclude>
  </ItemGroup>
  <ItemGroup>
    <ClCompile Include="Token.cpp">
      <Filter>Source Files</Filter>
    </ClCompile>
    <ClCompile Include="main.cpp">
      <Filter>Source Files</Filter>
    </ClCompile>
    <ClCompile Include="Lexer.cpp">
      <Filter>Source Files</Filter>
    </ClCompile>
    <ClCompile Include="RecursiveDescentPredictiveParser.cpp">
      <Filter>Source Files</Filter>
    </ClCompile>
    <ClCompile Include="AST.cpp">
      <Filter>Source Files</Filter>
    </ClCompile>
    <ClCompile Include="IdAST.cpp">
      <Filter>Source Files\Atomic Concepts</Filter>
    </ClCompile>
    <ClCompile Include="IntegerAST.cpp">
      <Filter>Source Files\Atomic Concepts</Filter>
    </ClCompile>
    <ClCompile Include="CompositeConceptAST.cpp">
      <Filter>Source Files\Composite Concepts</Filter>
    </ClCompile>
    <ClCompile Include="VisibilityAST.cpp">
      <Filter>Source Files\Atomic Concepts</Filter>
    </ClCompile>
    <ClCompile Include="StringAST.cpp">
      <Filter>Source Files\Atomic Concepts</Filter>
    </ClCompile>
    <ClCompile Include="FloatAST.cpp">
      <Filter>Source Files\Atomic Concepts</Filter>
    </ClCompile>
    <ClCompile Include="ASTFactory.cpp">
      <Filter>Source Files\Atomic Concepts</Filter>
    </ClCompile>
    <ClCompile Include="IfClass.cpp">
      <Filter>Source Files\Composite Concepts</Filter>
    </ClCompile>
    <ClCompile Include="GeneralTokenAST.cpp">
      <Filter>Source Files\Atomic Concepts</Filter>
    </ClCompile>
  </ItemGroup>
  <ItemGroup>
    <None Include="packages.config" />
  </ItemGroup>
</Project>